
Microsoft Visual Studio Solution File, Format Version 12.00
# Visual Studio Version 16
VisualStudioVersion = 16.0.30907.101
MinimumVisualStudioVersion = 10.0.40219.1
Project("{FAE04EC0-301F-11D3-BF4B-00C04F79EFBC}") = "9a713032", "9a713032\9a713032.csproj", "{492939C7-BFA9-4100-9B9B-AC1D2D05E59D}"
EndProject
Global
	GlobalSection(SolutionConfigurationPlatforms) = preSolution
		Debug|Any CPU = Debug|Any CPU
		Release|Any CPU = Release|Any CPU
	EndGlobalSection
	GlobalSection(ProjectConfigurationPlatforms) = postSolution
		{492939C7-BFA9-4100-9B9B-AC1D2D05E59D}.Debug|Any CPU.ActiveCfg = Debug|Any CPU
		{492939C7-BFA9-4100-9B9B-AC1D2D05E59D}.Debug|Any CPU.Build.0 = Debug|Any CPU
		{492939C7-BFA9-4100-9B9B-AC1D2D05E59D}.Release|Any CPU.ActiveCfg = Release|Any CPU
		{492939C7-BFA9-4100-9B9B-AC1D2D05E59D}.Release|Any CPU.Build.0 = Release|Any CPU
	EndGlobalSection
	GlobalSection(SolutionProperties) = preSolution
		HideSolutionNode = FALSE
	EndGlobalSection
	GlobalSection(ExtensibilityGlobals) = postSolution
		SolutionGuid = {2FE21E0B-DEA4-48F3-9492-72F20A0A56B2}
	EndGlobalSection
EndGlobal
